// !$*UTF8*$!
{
	archiveVersion = 1;
	classes = {
	};
	objectVersion = 50;
	objects = {

/* Begin PBXBuildFile section */
		88BB0F2123900B88007358FD /* Messaging.m in Sources */ = {isa = PBXBuildFile; fileRef = 88BB0F2023900B88007358FD /* Messaging.m */; };
		88BB0F2223900B88007358FD /* Messaging.h in CopyFiles */ = {isa = PBXBuildFile; fileRef = 88BB0F1F23900B88007358FD /* Messaging.h */; };
		88BB0F5C23900DCF007358FD /* UserListViewController.m in Sources */ = {isa = PBXBuildFile; fileRef = 88BB0F3223900DC8007358FD /* UserListViewController.m */; };
		88BB0F5D23900DCF007358FD /* ThumbnailProgressView.m in Sources */ = {isa = PBXBuildFile; fileRef = 88BB0F3323900DC8007358FD /* ThumbnailProgressView.m */; };
		88BB0F5E23900DCF007358FD /* UITextView+Placeholder.m in Sources */ = {isa = PBXBuildFile; fileRef = 88BB0F3523900DC9007358FD /* UITextView+Placeholder.m */; };
		88BB0F5F23900DCF007358FD /* MesiboMessageViewController.m in Sources */ = {isa = PBXBuildFile; fileRef = 88BB0F3B23900DC9007358FD /* MesiboMessageViewController.m */; };
		88BB0F6023900DCF007358FD /* MesiboUIManager.m in Sources */ = {isa = PBXBuildFile; fileRef = 88BB0F3C23900DCA007358FD /* MesiboUIManager.m */; };
		88BB0F6123900DCF007358FD /* TextToEmoji.m in Sources */ = {isa = PBXBuildFile; fileRef = 88BB0F3D23900DCA007358FD /* TextToEmoji.m */; };
		88BB0F6223900DCF007358FD /* MesiboViewHolder.m in Sources */ = {isa = PBXBuildFile; fileRef = 88BB0F3E23900DCA007358FD /* MesiboViewHolder.m */; };
		88BB0F6323900DCF007358FD /* UITableViewWithReloadCallback.m in Sources */ = {isa = PBXBuildFile; fileRef = 88BB0F3F23900DCA007358FD /* UITableViewWithReloadCallback.m */; };
		88BB0F6423900DCF007358FD /* MesiboMessageView.m in Sources */ = {isa = PBXBuildFile; fileRef = 88BB0F4023900DCA007358FD /* MesiboMessageView.m */; };
		88BB0F6523900DCF007358FD /* MesiboTableController.m in Sources */ = {isa = PBXBuildFile; fileRef = 88BB0F4323900DCB007358FD /* MesiboTableController.m */; };
		88BB0F6623900DCF007358FD /* MesiboMessageModel.m in Sources */ = {isa = PBXBuildFile; fileRef = 88BB0F4823900DCB007358FD /* MesiboMessageModel.m */; };
		88BB0F6723900DCF007358FD /* MesiboImage.m in Sources */ = {isa = PBXBuildFile; fileRef = 88BB0F4923900DCC007358FD /* MesiboImage.m */; };
		88BB0F6823900DCF007358FD /* MesiboMessageViewHolder.m in Sources */ = {isa = PBXBuildFile; fileRef = 88BB0F4A23900DCC007358FD /* MesiboMessageViewHolder.m */; };
		88BB0F6923900DCF007358FD /* UIColor+iOS7.m in Sources */ = {isa = PBXBuildFile; fileRef = 88BB0F4D23900DCC007358FD /* UIColor+iOS7.m */; };
		88BB0F6A23900DCF007358FD /* CreateNewGroupViewController.m in Sources */ = {isa = PBXBuildFile; fileRef = 88BB0F5023900DCD007358FD /* CreateNewGroupViewController.m */; };
		88BB0F6B23900DCF007358FD /* MesiboCommonUtils.m in Sources */ = {isa = PBXBuildFile; fileRef = 88BB0F5223900DCD007358FD /* MesiboCommonUtils.m */; };
		88BB0F6C23900DCF007358FD /* MesiboModel.m in Sources */ = {isa = PBXBuildFile; fileRef = 88BB0F5623900DCE007358FD /* MesiboModel.m */; };
		88BB0F6D23900DCF007358FD /* MesiboUI.m in Sources */ = {isa = PBXBuildFile; fileRef = 88BB0F5823900DCE007358FD /* MesiboUI.m */; };
		88BB0F6E23900DCF007358FD /* UserData.m in Sources */ = {isa = PBXBuildFile; fileRef = 88BB0F5B23900DCF007358FD /* UserData.m */; };
		88BB0F7123900EB9007358FD /* mediapicker.framework in Frameworks */ = {isa = PBXBuildFile; fileRef = 88BB0F7023900EB9007358FD /* mediapicker.framework */; };
		88BB0F7323900EC2007358FD /* mesibo.framework in Frameworks */ = {isa = PBXBuildFile; fileRef = 88BB0F7223900EC2007358FD /* mesibo.framework */; };
		88BB0F7E23900EF0007358FD /* UIView+Toast.m in Sources */ = {isa = PBXBuildFile; fileRef = 88BB0F7523900EEF007358FD /* UIView+Toast.m */; };
		88BB0F7F23900EF0007358FD /* UIImage+Tint.m in Sources */ = {isa = PBXBuildFile; fileRef = 88BB0F7423900EEE007358FD /* UIImage+Tint.m */; };
		88BB0F8023900EF0007358FD /* MesiboUIAlerts.m in Sources */ = {isa = PBXBuildFile; fileRef = 88BB0F7B23900EF0007358FD /* MesiboUIAlerts.m */; };
		88BB0F8123900EF0007358FD /* UIColors.m in Sources */ = {isa = PBXBuildFile; fileRef = 88BB0F7823900EEF007358FD /* UIColors.m */; };
		88BB0F8223900EF0007358FD /* LetterTitleImage.m in Sources */ = {isa = PBXBuildFile; fileRef = 88BB0F7723900EEF007358FD /* LetterTitleImage.m */; };
		88BB0F9223901085007358FD /* file_pdf.png in Resources */ = {isa = PBXBuildFile; fileRef = 88BB0F8323901084007358FD /* file_pdf.png */; };
		88BB0F9323901085007358FD /* file_xml.png in Resources */ = {isa = PBXBuildFile; fileRef = 88BB0F8423901084007358FD /* file_xml.png */; };
		88BB0F9423901085007358FD /* fd.png in Resources */ = {isa = PBXBuildFile; fileRef = 88BB0F8523901084007358FD /* fd.png */; };
		88BB0F9523901085007358FD /* prof.jpg in Resources */ = {isa = PBXBuildFile; fileRef = 88BB0F8623901084007358FD /* prof.jpg */; };
		88BB0F9623901085007358FD /* profile.storyboard in Resources */ = {isa = PBXBuildFile; fileRef = 88BB0F8723901084007358FD /* profile.storyboard */; };
		88BB0F9723901085007358FD /* file_xls.png in Resources */ = {isa = PBXBuildFile; fileRef = 88BB0F8823901084007358FD /* file_xls.png */; };
		88BB0F9823901085007358FD /* default_location.jpg in Resources */ = {isa = PBXBuildFile; fileRef = 88BB0F8923901084007358FD /* default_location.jpg */; };
		88BB0F9923901085007358FD /* file_audio.png in Resources */ = {isa = PBXBuildFile; fileRef = 88BB0F8A23901085007358FD /* file_audio.png */; };
		88BB0F9A23901085007358FD /* file_txt.png in Resources */ = {isa = PBXBuildFile; fileRef = 88BB0F8B23901085007358FD /* file_txt.png */; };
		88BB0F9B23901085007358FD /* file_file.png in Resources */ = {isa = PBXBuildFile; fileRef = 88BB0F8C23901085007358FD /* file_file.png */; };
		88BB0F9C23901085007358FD /* dj.png in Resources */ = {isa = PBXBuildFile; fileRef = 88BB0F8D23901085007358FD /* dj.png */; };
		88BB0F9D23901085007358FD /* blank_profile.png in Resources */ = {isa = PBXBuildFile; fileRef = 88BB0F8E23901085007358FD /* blank_profile.png */; };
		88BB0F9E23901085007358FD /* Assets.xcassets in Resources */ = {isa = PBXBuildFile; fileRef = 88BB0F8F23901085007358FD /* Assets.xcassets */; };
		88BB0F9F23901085007358FD /* file_doc.png in Resources */ = {isa = PBXBuildFile; fileRef = 88BB0F9023901085007358FD /* file_doc.png */; };
		88BB0FA023901085007358FD /* en.lproj in Resources */ = {isa = PBXBuildFile; fileRef = 88BB0F9123901085007358FD /* en.lproj */; };
/* End PBXBuildFile section */

/* Begin PBXCopyFilesBuildPhase section */
		88BB0F1A23900B88007358FD /* CopyFiles */ = {
			isa = PBXCopyFilesBuildPhase;
			buildActionMask = 2147483647;
			dstPath = "include/$(PRODUCT_NAME)";
			dstSubfolderSpec = 16;
			files = (
				88BB0F2223900B88007358FD /* Messaging.h in CopyFiles */,
			);
			runOnlyForDeploymentPostprocessing = 0;
		};
/* End PBXCopyFilesBuildPhase section */

/* Begin PBXFileReference section */
		88BB0F1C23900B88007358FD /* libMessaging.a */ = {isa = PBXFileReference; explicitFileType = archive.ar; includeInIndex = 0; path = libMessaging.a; sourceTree = BUILT_PRODUCTS_DIR; };
		88BB0F1F23900B88007358FD /* Messaging.h */ = {isa = PBXFileReference; lastKnownFileType = sourcecode.c.h; path = Messaging.h; sourceTree = "<group>"; };
		88BB0F2023900B88007358FD /* Messaging.m */ = {isa = PBXFileReference; lastKnownFileType = sourcecode.c.objc; path = Messaging.m; sourceTree = "<group>"; };
		88BB0F2C23900CE7007358FD /* MessagingUIBundle.bundle */ = {isa = PBXFileReference; explicitFileType = wrapper.cfbundle; includeInIndex = 0; path = MessagingUIBundle.bundle; sourceTree = BUILT_PRODUCTS_DIR; };
		88BB0F2E23900CE7007358FD /* Info.plist */ = {isa = PBXFileReference; lastKnownFileType = text.plist.xml; path = Info.plist; sourceTree = "<group>"; };
		88BB0F3223900DC8007358FD /* UserListViewController.m */ = {isa = PBXFileReference; fileEncoding = 4; lastKnownFileType = sourcecode.c.objc; path = UserListViewController.m; sourceTree = "<group>"; };
		88BB0F3323900DC8007358FD /* ThumbnailProgressView.m */ = {isa = PBXFileReference; fileEncoding = 4; lastKnownFileType = sourcecode.c.objc; path = ThumbnailProgressView.m; sourceTree = "<group>"; };
		88BB0F3423900DC8007358FD /* UITextView+Placeholder.h */ = {isa = PBXFileReference; fileEncoding = 4; lastKnownFileType = sourcecode.c.h; path = "UITextView+Placeholder.h"; sourceTree = "<group>"; };
		88BB0F3523900DC9007358FD /* UITextView+Placeholder.m */ = {isa = PBXFileReference; fileEncoding = 4; lastKnownFileType = sourcecode.c.objc; path = "UITextView+Placeholder.m"; sourceTree = "<group>"; };
		88BB0F3623900DC9007358FD /* MesiboMessageView.h */ = {isa = PBXFileReference; fileEncoding = 4; lastKnownFileType = sourcecode.c.h; path = MesiboMessageView.h; sourceTree = "<group>"; };
		88BB0F3723900DC9007358FD /* MesiboMessageModel.h */ = {isa = PBXFileReference; fileEncoding = 4; lastKnownFileType = sourcecode.c.h; path = MesiboMessageModel.h; sourceTree = "<group>"; };
		88BB0F3823900DC9007358FD /* MesiboUIManager.h */ = {isa = PBXFileReference; fileEncoding = 4; lastKnownFileType = sourcecode.c.h; path = MesiboUIManager.h; sourceTree = "<group>"; };
		88BB0F3923900DC9007358FD /* MesiboImage.h */ = {isa = PBXFileReference; fileEncoding = 4; lastKnownFileType = sourcecode.c.h; path = MesiboImage.h; sourceTree = "<group>"; };
		88BB0F3A23900DC9007358FD /* MesiboConfiguration.h */ = {isa = PBXFileReference; fileEncoding = 4; lastKnownFileType = sourcecode.c.h; path = MesiboConfiguration.h; sourceTree = "<group>"; };
		88BB0F3B23900DC9007358FD /* MesiboMessageViewController.m */ = {isa = PBXFileReference; fileEncoding = 4; lastKnownFileType = sourcecode.c.objc; path = MesiboMessageViewController.m; sourceTree = "<group>"; };
		88BB0F3C23900DCA007358FD /* MesiboUIManager.m */ = {isa = PBXFileReference; fileEncoding = 4; lastKnownFileType = sourcecode.c.objc; path = MesiboUIManager.m; sourceTree = "<group>"; };
		88BB0F3D23900DCA007358FD /* TextToEmoji.m */ = {isa = PBXFileReference; fileEncoding = 4; lastKnownFileType = sourcecode.c.objc; path = TextToEmoji.m; sourceTree = "<group>"; };
		88BB0F3E23900DCA007358FD /* MesiboViewHolder.m */ = {isa = PBXFileReference; fileEncoding = 4; lastKnownFileType = sourcecode.c.objc; path = MesiboViewHolder.m; sourceTree = "<group>"; };
		88BB0F3F23900DCA007358FD /* UITableViewWithReloadCallback.m */ = {isa = PBXFileReference; fileEncoding = 4; lastKnownFileType = sourcecode.c.objc; path = UITableViewWithReloadCallback.m; sourceTree = "<group>"; };
		88BB0F4023900DCA007358FD /* MesiboMessageView.m */ = {isa = PBXFileReference; fileEncoding = 4; lastKnownFileType = sourcecode.c.objc; path = MesiboMessageView.m; sourceTree = "<group>"; };
		88BB0F4123900DCA007358FD /* UserData.h */ = {isa = PBXFileReference; fileEncoding = 4; lastKnownFileType = sourcecode.c.h; path = UserData.h; sourceTree = "<group>"; };
		88BB0F4223900DCB007358FD /* UITableViewWithReloadCallback.h */ = {isa = PBXFileReference; fileEncoding = 4; lastKnownFileType = sourcecode.c.h; path = UITableViewWithReloadCallback.h; sourceTree = "<group>"; };
		88BB0F4323900DCB007358FD /* MesiboTableController.m */ = {isa = PBXFileReference; fileEncoding = 4; lastKnownFileType = sourcecode.c.objc; path = MesiboTableController.m; sourceTree = "<group>"; };
		88BB0F4423900DCB007358FD /* MesiboMessageViewHolder.h */ = {isa = PBXFileReference; fileEncoding = 4; lastKnownFileType = sourcecode.c.h; path = MesiboMessageViewHolder.h; sourceTree = "<group>"; };
		88BB0F4523900DCB007358FD /* CreateNewGroupViewController.h */ = {isa = PBXFileReference; fileEncoding = 4; lastKnownFileType = sourcecode.c.h; path = CreateNewGroupViewController.h; sourceTree = "<group>"; };
		88BB0F4623900DCB007358FD /* MesiboViewHolder.h */ = {isa = PBXFileReference; fileEncoding = 4; lastKnownFileType = sourcecode.c.h; path = MesiboViewHolder.h; sourceTree = "<group>"; };
		88BB0F4723900DCB007358FD /* MesiboMessageViewController.h */ = {isa = PBXFileReference; fileEncoding = 4; lastKnownFileType = sourcecode.c.h; path = MesiboMessageViewController.h; sourceTree = "<group>"; };
		88BB0F4823900DCB007358FD /* MesiboMessageModel.m */ = {isa = PBXFileReference; fileEncoding = 4; lastKnownFileType = sourcecode.c.objc; path = MesiboMessageModel.m; sourceTree = "<group>"; };
		88BB0F4923900DCC007358FD /* MesiboImage.m */ = {isa = PBXFileReference; fileEncoding = 4; lastKnownFileType = sourcecode.c.objc; path = MesiboImage.m; sourceTree = "<group>"; };
		88BB0F4A23900DCC007358FD /* MesiboMessageViewHolder.m */ = {isa = PBXFileReference; fileEncoding = 4; lastKnownFileType = sourcecode.c.objc; path = MesiboMessageViewHolder.m; sourceTree = "<group>"; };
		88BB0F4B23900DCC007358FD /* UIColor+iOS7.h */ = {isa = PBXFileReference; fileEncoding = 4; lastKnownFileType = sourcecode.c.h; path = "UIColor+iOS7.h"; sourceTree = "<group>"; };
		88BB0F4C23900DCC007358FD /* ThumbnailProgressView.h */ = {isa = PBXFileReference; fileEncoding = 4; lastKnownFileType = sourcecode.c.h; path = ThumbnailProgressView.h; sourceTree = "<group>"; };
		88BB0F4D23900DCC007358FD /* UIColor+iOS7.m */ = {isa = PBXFileReference; fileEncoding = 4; lastKnownFileType = sourcecode.c.objc; path = "UIColor+iOS7.m"; sourceTree = "<group>"; };
		88BB0F4E23900DCC007358FD /* MesiboTableController.h */ = {isa = PBXFileReference; fileEncoding = 4; lastKnownFileType = sourcecode.c.h; path = MesiboTableController.h; sourceTree = "<group>"; };
		88BB0F4F23900DCD007358FD /* Includes.h */ = {isa = PBXFileReference; fileEncoding = 4; lastKnownFileType = sourcecode.c.h; path = Includes.h; sourceTree = "<group>"; };
		88BB0F5023900DCD007358FD /* CreateNewGroupViewController.m */ = {isa = PBXFileReference; fileEncoding = 4; lastKnownFileType = sourcecode.c.objc; path = CreateNewGroupViewController.m; sourceTree = "<group>"; };
		88BB0F5123900DCD007358FD /* MesiboCommonUtils.h */ = {isa = PBXFileReference; fileEncoding = 4; lastKnownFileType = sourcecode.c.h; path = MesiboCommonUtils.h; sourceTree = "<group>"; };
		88BB0F5223900DCD007358FD /* MesiboCommonUtils.m */ = {isa = PBXFileReference; fileEncoding = 4; lastKnownFileType = sourcecode.c.objc; path = MesiboCommonUtils.m; sourceTree = "<group>"; };
		88BB0F5323900DCD007358FD /* TextToEmoji.h */ = {isa = PBXFileReference; fileEncoding = 4; lastKnownFileType = sourcecode.c.h; path = TextToEmoji.h; sourceTree = "<group>"; };
		88BB0F5423900DCE007358FD /* utils */ = {isa = PBXFileReference; lastKnownFileType = folder; path = utils; sourceTree = "<group>"; };
		88BB0F5523900DCE007358FD /* UserListViewController.h */ = {isa = PBXFileReference; fileEncoding = 4; lastKnownFileType = sourcecode.c.h; path = UserListViewController.h; sourceTree = "<group>"; };
		88BB0F5623900DCE007358FD /* MesiboModel.m */ = {isa = PBXFileReference; fileEncoding = 4; lastKnownFileType = sourcecode.c.objc; path = MesiboModel.m; sourceTree = "<group>"; };
		88BB0F5723900DCE007358FD /* MesiboUI.h */ = {isa = PBXFileReference; fileEncoding = 4; lastKnownFileType = sourcecode.c.h; path = MesiboUI.h; sourceTree = "<group>"; };
		88BB0F5823900DCE007358FD /* MesiboUI.m */ = {isa = PBXFileReference; fileEncoding = 4; lastKnownFileType = sourcecode.c.objc; path = MesiboUI.m; sourceTree = "<group>"; };
		88BB0F5923900DCF007358FD /* MesiboModel.h */ = {isa = PBXFileReference; fileEncoding = 4; lastKnownFileType = sourcecode.c.h; path = MesiboModel.h; sourceTree = "<group>"; };
		88BB0F5A23900DCF007358FD /* profile.storyboard */ = {isa = PBXFileReference; fileEncoding = 4; lastKnownFileType = file.storyboard; path = profile.storyboard; sourceTree = "<group>"; };
		88BB0F5B23900DCF007358FD /* UserData.m */ = {isa = PBXFileReference; fileEncoding = 4; lastKnownFileType = sourcecode.c.objc; path = UserData.m; sourceTree = "<group>"; };
		88BB0F7023900EB9007358FD /* mediapicker.framework */ = {isa = PBXFileReference; lastKnownFileType = wrapper.framework; path = mediapicker.framework; sourceTree = "<group>"; };
		88BB0F7223900EC2007358FD /* mesibo.framework */ = {isa = PBXFileReference; lastKnownFileType = wrapper.framework; path = mesibo.framework; sourceTree = "<group>"; };
		88BB0F7423900EEE007358FD /* UIImage+Tint.m */ = {isa = PBXFileReference; lastKnownFileType = sourcecode.c.objc; path = "UIImage+Tint.m"; sourceTree = "<group>"; };
		88BB0F7523900EEF007358FD /* UIView+Toast.m */ = {isa = PBXFileReference; lastKnownFileType = sourcecode.c.objc; path = "UIView+Toast.m"; sourceTree = "<group>"; };
		88BB0F7623900EEF007358FD /* UIImage+Tint.h */ = {isa = PBXFileReference; lastKnownFileType = sourcecode.c.h; path = "UIImage+Tint.h"; sourceTree = "<group>"; };
		88BB0F7723900EEF007358FD /* LetterTitleImage.m */ = {isa = PBXFileReference; lastKnownFileType = sourcecode.c.objc; path = LetterTitleImage.m; sourceTree = "<group>"; };
		88BB0F7823900EEF007358FD /* UIColors.m */ = {isa = PBXFileReference; lastKnownFileType = sourcecode.c.objc; path = UIColors.m; sourceTree = "<group>"; };
		88BB0F7923900EF0007358FD /* LetterTitleImage.h */ = {isa = PBXFileReference; lastKnownFileType = sourcecode.c.h; path = LetterTitleImage.h; sourceTree = "<group>"; };
		88BB0F7A23900EF0007358FD /* MesiboUIAlerts.h */ = {isa = PBXFileReference; lastKnownFileType = sourcecode.c.h; path = MesiboUIAlerts.h; sourceTree = "<group>"; };
		88BB0F7B23900EF0007358FD /* MesiboUIAlerts.m */ = {isa = PBXFileReference; lastKnownFileType = sourcecode.c.objc; path = MesiboUIAlerts.m; sourceTree = "<group>"; };
		88BB0F7C23900EF0007358FD /* UIColors.h */ = {isa = PBXFileReference; lastKnownFileType = sourcecode.c.h; path = UIColors.h; sourceTree = "<group>"; };
		88BB0F7D23900EF0007358FD /* UIView+Toast.h */ = {isa = PBXFileReference; lastKnownFileType = sourcecode.c.h; path = "UIView+Toast.h"; sourceTree = "<group>"; };
		88BB0F8323901084007358FD /* file_pdf.png */ = {isa = PBXFileReference; lastKnownFileType = image.png; path = file_pdf.png; sourceTree = "<group>"; };
		88BB0F8423901084007358FD /* file_xml.png */ = {isa = PBXFileReference; lastKnownFileType = image.png; path = file_xml.png; sourceTree = "<group>"; };
		88BB0F8523901084007358FD /* fd.png */ = {isa = PBXFileReference; lastKnownFileType = image.png; path = fd.png; sourceTree = "<group>"; };
		88BB0F8623901084007358FD /* prof.jpg */ = {isa = PBXFileReference; lastKnownFileType = image.jpeg; path = prof.jpg; sourceTree = "<group>"; };
		88BB0F8723901084007358FD /* profile.storyboard */ = {isa = PBXFileReference; fileEncoding = 4; lastKnownFileType = file.storyboard; path = profile.storyboard; sourceTree = "<group>"; };
		88BB0F8823901084007358FD /* file_xls.png */ = {isa = PBXFileReference; lastKnownFileType = image.png; path = file_xls.png; sourceTree = "<group>"; };
		88BB0F8923901084007358FD /* default_location.jpg */ = {isa = PBXFileReference; lastKnownFileType = image.jpeg; path = default_location.jpg; sourceTree = "<group>"; };
		88BB0F8A23901085007358FD /* file_audio.png */ = {isa = PBXFileReference; lastKnownFileType = image.png; path = file_audio.png; sourceTree = "<group>"; };
		88BB0F8B23901085007358FD /* file_txt.png */ = {isa = PBXFileReference; lastKnownFileType = image.png; path = file_txt.png; sourceTree = "<group>"; };
		88BB0F8C23901085007358FD /* file_file.png */ = {isa = PBXFileReference; lastKnownFileType = image.png; path = file_file.png; sourceTree = "<group>"; };
		88BB0F8D23901085007358FD /* dj.png */ = {isa = PBXFileReference; lastKnownFileType = image.png; path = dj.png; sourceTree = "<group>"; };
		88BB0F8E23901085007358FD /* blank_profile.png */ = {isa = PBXFileReference; lastKnownFileType = image.png; path = blank_profile.png; sourceTree = "<group>"; };
		88BB0F8F23901085007358FD /* Assets.xcassets */ = {isa = PBXFileReference; lastKnownFileType = folder.assetcatalog; path = Assets.xcassets; sourceTree = "<group>"; };
		88BB0F9023901085007358FD /* file_doc.png */ = {isa = PBXFileReference; lastKnownFileType = image.png; path = file_doc.png; sourceTree = "<group>"; };
		88BB0F9123901085007358FD /* en.lproj */ = {isa = PBXFileReference; lastKnownFileType = folder; path = en.lproj; sourceTree = "<group>"; };
/* End PBXFileReference section */

/* Begin PBXFrameworksBuildPhase section */
		88BB0F1923900B88007358FD /* Frameworks */ = {
			isa = PBXFrameworksBuildPhase;
			buildActionMask = 2147483647;
			files = (
				88BB0F7123900EB9007358FD /* mediapicker.framework in Frameworks */,
				88BB0F7323900EC2007358FD /* mesibo.framework in Frameworks */,
			);
			runOnlyForDeploymentPostprocessing = 0;
		};
		88BB0F2923900CE7007358FD /* Frameworks */ = {
			isa = PBXFrameworksBuildPhase;
			buildActionMask = 2147483647;
			files = (
			);
			runOnlyForDeploymentPostprocessing = 0;
		};
/* End PBXFrameworksBuildPhase section */

/* Begin PBXGroup section */
		88BB0F1323900B88007358FD = {
			isa = PBXGroup;
			children = (
				88BB0F6F23900E08007358FD /* Framework */,
				88BB0F1E23900B88007358FD /* Messaging */,
				88BB0F2D23900CE7007358FD /* MessagingUIBundle */,
				88BB0F1D23900B88007358FD /* Products */,
			);
			sourceTree = "<group>";
		};
		88BB0F1D23900B88007358FD /* Products */ = {
			isa = PBXGroup;
			children = (
				88BB0F1C23900B88007358FD /* libMessaging.a */,
				88BB0F2C23900CE7007358FD /* MessagingUIBundle.bundle */,
			);
			name = Products;
			sourceTree = "<group>";
		};
		88BB0F1E23900B88007358FD /* Messaging */ = {
			isa = PBXGroup;
			children = (
				88BB0F4523900DCB007358FD /* CreateNewGroupViewController.h */,
				88BB0F5023900DCD007358FD /* CreateNewGroupViewController.m */,
				88BB0F4F23900DCD007358FD /* Includes.h */,
				88BB0F5123900DCD007358FD /* MesiboCommonUtils.h */,
				88BB0F5223900DCD007358FD /* MesiboCommonUtils.m */,
				88BB0F3A23900DC9007358FD /* MesiboConfiguration.h */,
				88BB0F3923900DC9007358FD /* MesiboImage.h */,
				88BB0F4923900DCC007358FD /* MesiboImage.m */,
				88BB0F3723900DC9007358FD /* MesiboMessageModel.h */,
				88BB0F4823900DCB007358FD /* MesiboMessageModel.m */,
				88BB0F3623900DC9007358FD /* MesiboMessageView.h */,
				88BB0F4023900DCA007358FD /* MesiboMessageView.m */,
				88BB0F4723900DCB007358FD /* MesiboMessageViewController.h */,
				88BB0F3B23900DC9007358FD /* MesiboMessageViewController.m */,
				88BB0F4423900DCB007358FD /* MesiboMessageViewHolder.h */,
				88BB0F4A23900DCC007358FD /* MesiboMessageViewHolder.m */,
				88BB0F5923900DCF007358FD /* MesiboModel.h */,
				88BB0F5623900DCE007358FD /* MesiboModel.m */,
				88BB0F4E23900DCC007358FD /* MesiboTableController.h */,
				88BB0F4323900DCB007358FD /* MesiboTableController.m */,
				88BB0F5723900DCE007358FD /* MesiboUI.h */,
				88BB0F5823900DCE007358FD /* MesiboUI.m */,
				88BB0F3823900DC9007358FD /* MesiboUIManager.h */,
				88BB0F3C23900DCA007358FD /* MesiboUIManager.m */,
				88BB0F4623900DCB007358FD /* MesiboViewHolder.h */,
				88BB0F3E23900DCA007358FD /* MesiboViewHolder.m */,
				88BB0F5A23900DCF007358FD /* profile.storyboard */,
				88BB0F5323900DCD007358FD /* TextToEmoji.h */,
				88BB0F3D23900DCA007358FD /* TextToEmoji.m */,
				88BB0F4C23900DCC007358FD /* ThumbnailProgressView.h */,
				88BB0F3323900DC8007358FD /* ThumbnailProgressView.m */,
				88BB0F4B23900DCC007358FD /* UIColor+iOS7.h */,
				88BB0F4D23900DCC007358FD /* UIColor+iOS7.m */,
				88BB0F4223900DCB007358FD /* UITableViewWithReloadCallback.h */,
				88BB0F3F23900DCA007358FD /* UITableViewWithReloadCallback.m */,
				88BB0F3423900DC8007358FD /* UITextView+Placeholder.h */,
				88BB0F3523900DC9007358FD /* UITextView+Placeholder.m */,
				88BB0F4123900DCA007358FD /* UserData.h */,
				88BB0F5B23900DCF007358FD /* UserData.m */,
				88BB0F5523900DCE007358FD /* UserListViewController.h */,
				88BB0F3223900DC8007358FD /* UserListViewController.m */,
				88BB0F7923900EF0007358FD /* LetterTitleImage.h */,
				88BB0F7723900EEF007358FD /* LetterTitleImage.m */,
				88BB0F7A23900EF0007358FD /* MesiboUIAlerts.h */,
				88BB0F7B23900EF0007358FD /* MesiboUIAlerts.m */,
				88BB0F7C23900EF0007358FD /* UIColors.h */,
				88BB0F7823900EEF007358FD /* UIColors.m */,
				88BB0F7623900EEF007358FD /* UIImage+Tint.h */,
				88BB0F7423900EEE007358FD /* UIImage+Tint.m */,
				88BB0F7D23900EF0007358FD /* UIView+Toast.h */,
				88BB0F7523900EEF007358FD /* UIView+Toast.m */,
				88BB0F5423900DCE007358FD /* utils */,
				88BB0F1F23900B88007358FD /* Messaging.h */,
				88BB0F2023900B88007358FD /* Messaging.m */,
			);
			path = Messaging;
			sourceTree = "<group>";
		};
		88BB0F2D23900CE7007358FD /* MessagingUIBundle */ = {
			isa = PBXGroup;
			children = (
				88BB0F8F23901085007358FD /* Assets.xcassets */,
				88BB0F8E23901085007358FD /* blank_profile.png */,
				88BB0F8923901084007358FD /* default_location.jpg */,
				88BB0F8D23901085007358FD /* dj.png */,
				88BB0F9123901085007358FD /* en.lproj */,
				88BB0F8523901084007358FD /* fd.png */,
				88BB0F8A23901085007358FD /* file_audio.png */,
				88BB0F9023901085007358FD /* file_doc.png */,
				88BB0F8C23901085007358FD /* file_file.png */,
				88BB0F8323901084007358FD /* file_pdf.png */,
				88BB0F8B23901085007358FD /* file_txt.png */,
				88BB0F8823901084007358FD /* file_xls.png */,
				88BB0F8423901084007358FD /* file_xml.png */,
				88BB0F8623901084007358FD /* prof.jpg */,
				88BB0F8723901084007358FD /* profile.storyboard */,
				88BB0F2E23900CE7007358FD /* Info.plist */,
			);
			path = MessagingUIBundle;
			sourceTree = "<group>";
		};
		88BB0F6F23900E08007358FD /* Framework */ = {
			isa = PBXGroup;
			children = (
				88BB0F7223900EC2007358FD /* mesibo.framework */,
				88BB0F7023900EB9007358FD /* mediapicker.framework */,
			);
			path = Framework;
			sourceTree = "<group>";
		};
/* End PBXGroup section */

/* Begin PBXNativeTarget section */
		88BB0F1B23900B88007358FD /* Messaging */ = {
			isa = PBXNativeTarget;
			buildConfigurationList = 88BB0F2523900B88007358FD /* Build configuration list for PBXNativeTarget "Messaging" */;
			buildPhases = (
				88BB0F1823900B88007358FD /* Sources */,
				88BB0F1923900B88007358FD /* Frameworks */,
				88BB0F1A23900B88007358FD /* CopyFiles */,
			);
			buildRules = (
			);
			dependencies = (
			);
			name = Messaging;
			productName = Messaging;
			productReference = 88BB0F1C23900B88007358FD /* libMessaging.a */;
			productType = "com.apple.product-type.library.static";
		};
		88BB0F2B23900CE7007358FD /* MessagingUIBundle */ = {
			isa = PBXNativeTarget;
			buildConfigurationList = 88BB0F2F23900CE7007358FD /* Build configuration list for PBXNativeTarget "MessagingUIBundle" */;
			buildPhases = (
				88BB0F2823900CE7007358FD /* Sources */,
				88BB0F2923900CE7007358FD /* Frameworks */,
				88BB0F2A23900CE7007358FD /* Resources */,
			);
			buildRules = (
			);
			dependencies = (
			);
			name = MessagingUIBundle;
			productName = MessagingUIBundle;
			productReference = 88BB0F2C23900CE7007358FD /* MessagingUIBundle.bundle */;
			productType = "com.apple.product-type.bundle";
		};
/* End PBXNativeTarget section */

/* Begin PBXProject section */
		88BB0F1423900B88007358FD /* Project object */ = {
			isa = PBXProject;
			attributes = {
				LastUpgradeCheck = 1020;
				ORGANIZATIONNAME = Mesibo;
				TargetAttributes = {
					88BB0F1B23900B88007358FD = {
						CreatedOnToolsVersion = 10.2.1;
					};
					88BB0F2B23900CE7007358FD = {
						CreatedOnToolsVersion = 10.2.1;
					};
				};
			};
			buildConfigurationList = 88BB0F1723900B88007358FD /* Build configuration list for PBXProject "Messaging" */;
			compatibilityVersion = "Xcode 9.3";
			developmentRegion = en;
			hasScannedForEncodings = 0;
			knownRegions = (
				en,
			);
			mainGroup = 88BB0F1323900B88007358FD;
			productRefGroup = 88BB0F1D23900B88007358FD /* Products */;
			projectDirPath = "";
			projectRoot = "";
			targets = (
				88BB0F1B23900B88007358FD /* Messaging */,
				88BB0F2B23900CE7007358FD /* MessagingUIBundle */,
			);
		};
/* End PBXProject section */

/* Begin PBXResourcesBuildPhase section */
		88BB0F2A23900CE7007358FD /* Resources */ = {
			isa = PBXResourcesBuildPhase;
			buildActionMask = 2147483647;
			files = (
				88BB0F9D23901085007358FD /* blank_profile.png in Resources */,
				88BB0F9423901085007358FD /* fd.png in Resources */,
				88BB0F9223901085007358FD /* file_pdf.png in Resources */,
				88BB0F9923901085007358FD /* file_audio.png in Resources */,
				88BB0F9623901085007358FD /* profile.storyboard in Resources */,
				88BB0F9523901085007358FD /* prof.jpg in Resources */,
				88BB0F9E23901085007358FD /* Assets.xcassets in Resources */,
				88BB0F9A23901085007358FD /* file_txt.png in Resources */,
				88BB0F9323901085007358FD /* file_xml.png in Resources */,
				88BB0F9723901085007358FD /* file_xls.png in Resources */,
				88BB0F9F23901085007358FD /* file_doc.png in Resources */,
				88BB0F9823901085007358FD /* default_location.jpg in Resources */,
				88BB0F9C23901085007358FD /* dj.png in Resources */,
				88BB0FA023901085007358FD /* en.lproj in Resources */,
				88BB0F9B23901085007358FD /* file_file.png in Resources */,
			);
			runOnlyForDeploymentPostprocessing = 0;
		};
/* End PBXResourcesBuildPhase section */

/* Begin PBXSourcesBuildPhase section */
		88BB0F1823900B88007358FD /* Sources */ = {
			isa = PBXSourcesBuildPhase;
			buildActionMask = 2147483647;
			files = (
				88BB0F6623900DCF007358FD /* MesiboMessageModel.m in Sources */,
				88BB0F2123900B88007358FD /* Messaging.m in Sources */,
				88BB0F5D23900DCF007358FD /* ThumbnailProgressView.m in Sources */,
				88BB0F6A23900DCF007358FD /* CreateNewGroupViewController.m in Sources */,
				88BB0F8223900EF0007358FD /* LetterTitleImage.m in Sources */,
				88BB0F6123900DCF007358FD /* TextToEmoji.m in Sources */,
				88BB0F6B23900DCF007358FD /* MesiboCommonUtils.m in Sources */,
				88BB0F8023900EF0007358FD /* MesiboUIAlerts.m in Sources */,
				88BB0F6C23900DCF007358FD /* MesiboModel.m in Sources */,
				88BB0F6D23900DCF007358FD /* MesiboUI.m in Sources */,
				88BB0F6323900DCF007358FD /* UITableViewWithReloadCallback.m in Sources */,
				88BB0F5C23900DCF007358FD /* UserListViewController.m in Sources */,
				88BB0F7F23900EF0007358FD /* UIImage+Tint.m in Sources */,
				88BB0F5E23900DCF007358FD /* UITextView+Placeholder.m in Sources */,
				88BB0F8123900EF0007358FD /* UIColors.m in Sources */,
				88BB0F6523900DCF007358FD /* MesiboTableController.m in Sources */,
				88BB0F6223900DCF007358FD /* MesiboViewHolder.m in Sources */,
				88BB0F6823900DCF007358FD /* MesiboMessageViewHolder.m in Sources */,
				88BB0F6423900DCF007358FD /* MesiboMessageView.m in Sources */,
				88BB0F6023900DCF007358FD /* MesiboUIManager.m in Sources */,
				88BB0F6723900DCF007358FD /* MesiboImage.m in Sources */,
				88BB0F5F23900DCF007358FD /* MesiboMessageViewController.m in Sources */,
				88BB0F7E23900EF0007358FD /* UIView+Toast.m in Sources */,
				88BB0F6E23900DCF007358FD /* UserData.m in Sources */,
				88BB0F6923900DCF007358FD /* UIColor+iOS7.m in Sources */,
			);
			runOnlyForDeploymentPostprocessing = 0;
		};
		88BB0F2823900CE7007358FD /* Sources */ = {
			isa = PBXSourcesBuildPhase;
			buildActionMask = 2147483647;
			files = (
			);
			runOnlyForDeploymentPostprocessing = 0;
		};
/* End PBXSourcesBuildPhase section */

/* Begin XCBuildConfiguration section */
		88BB0F2323900B88007358FD /* Debug */ = {
			isa = XCBuildConfiguration;
			buildSettings = {
				ALWAYS_SEARCH_USER_PATHS = NO;
				CLANG_ANALYZER_NONNULL = YES;
				CLANG_ANALYZER_NUMBER_OBJECT_CONVERSION = YES_AGGRESSIVE;
				CLANG_CXX_LANGUAGE_STANDARD = "gnu++14";
				CLANG_CXX_LIBRARY = "libc++";
				CLANG_ENABLE_MODULES = YES;
				CLANG_ENABLE_OBJC_ARC = YES;
				CLANG_ENABLE_OBJC_WEAK = YES;
				CLANG_WARN_BLOCK_CAPTURE_AUTORELEASING = YES;
				CLANG_WARN_BOOL_CONVERSION = YES;
				CLANG_WARN_COMMA = YES;
				CLANG_WARN_CONSTANT_CONVERSION = YES;
				CLANG_WARN_DEPRECATED_OBJC_IMPLEMENTATIONS = YES;
				CLANG_WARN_DIRECT_OBJC_ISA_USAGE = YES_ERROR;
				CLANG_WARN_DOCUMENTATION_COMMENTS = YES;
				CLANG_WARN_EMPTY_BODY = YES;
				CLANG_WARN_ENUM_CONVERSION = YES;
				CLANG_WARN_INFINITE_RECURSION = YES;
				CLANG_WARN_INT_CONVERSION = YES;
				CLANG_WARN_NON_LITERAL_NULL_CONVERSION = YES;
				CLANG_WARN_OBJC_IMPLICIT_RETAIN_SELF = YES;
				CLANG_WARN_OBJC_LITERAL_CONVERSION = YES;
				CLANG_WARN_OBJC_ROOT_CLASS = YES_ERROR;
				CLANG_WARN_RANGE_LOOP_ANALYSIS = YES;
				CLANG_WARN_STRICT_PROTOTYPES = YES;
				CLANG_WARN_SUSPICIOUS_MOVE = YES;
				CLANG_WARN_UNGUARDED_AVAILABILITY = YES_AGGRESSIVE;
				CLANG_WARN_UNREACHABLE_CODE = YES;
				CLANG_WARN__DUPLICATE_METHOD_MATCH = YES;
				CODE_SIGN_IDENTITY = "iPhone Developer";
				COPY_PHASE_STRIP = NO;
				DEBUG_INFORMATION_FORMAT = dwarf;
				ENABLE_STRICT_OBJC_MSGSEND = YES;
				ENABLE_TESTABILITY = YES;
				GCC_C_LANGUAGE_STANDARD = gnu11;
				GCC_DYNAMIC_NO_PIC = NO;
				GCC_NO_COMMON_BLOCKS = YES;
				GCC_OPTIMIZATION_LEVEL = 0;
				GCC_PREPROCESSOR_DEFINITIONS = (
					"DEBUG=1",
					"$(inherited)",
				);
				GCC_WARN_64_TO_32_BIT_CONVERSION = YES;
				GCC_WARN_ABOUT_RETURN_TYPE = YES_ERROR;
				GCC_WARN_UNDECLARED_SELECTOR = YES;
				GCC_WARN_UNINITIALIZED_AUTOS = YES_AGGRESSIVE;
				GCC_WARN_UNUSED_FUNCTION = YES;
				GCC_WARN_UNUSED_VARIABLE = YES;
				IPHONEOS_DEPLOYMENT_TARGET = 12.2;
				MTL_ENABLE_DEBUG_INFO = INCLUDE_SOURCE;
				MTL_FAST_MATH = YES;
				ONLY_ACTIVE_ARCH = YES;
				SDKROOT = iphoneos;
			};
			name = Debug;
		};
		88BB0F2423900B88007358FD /* Release */ = {
			isa = XCBuildConfiguration;
			buildSettings = {
				ALWAYS_SEARCH_USER_PATHS = NO;
				CLANG_ANALYZER_NONNULL = YES;
				CLANG_ANALYZER_NUMBER_OBJECT_CONVERSION = YES_AGGRESSIVE;
				CLANG_CXX_LANGUAGE_STANDARD = "gnu++14";
				CLANG_CXX_LIBRARY = "libc++";
				CLANG_ENABLE_MODULES = YES;
				CLANG_ENABLE_OBJC_ARC = YES;
				CLANG_ENABLE_OBJC_WEAK = YES;
				CLANG_WARN_BLOCK_CAPTURE_AUTORELEASING = YES;
				CLANG_WARN_BOOL_CONVERSION = YES;
				CLANG_WARN_COMMA = YES;
				CLANG_WARN_CONSTANT_CONVERSION = YES;
				CLANG_WARN_DEPRECATED_OBJC_IMPLEMENTATIONS = YES;
				CLANG_WARN_DIRECT_OBJC_ISA_USAGE = YES_ERROR;
				CLANG_WARN_DOCUMENTATION_COMMENTS = YES;
				CLANG_WARN_EMPTY_BODY = YES;
				CLANG_WARN_ENUM_CONVERSION = YES;
				CLANG_WARN_INFINITE_RECURSION = YES;
				CLANG_WARN_INT_CONVERSION = YES;
				CLANG_WARN_NON_LITERAL_NULL_CONVERSION = YES;
				CLANG_WARN_OBJC_IMPLICIT_RETAIN_SELF = YES;
				CLANG_WARN_OBJC_LITERAL_CONVERSION = YES;
				CLANG_WARN_OBJC_ROOT_CLASS = YES_ERROR;
				CLANG_WARN_RANGE_LOOP_ANALYSIS = YES;
				CLANG_WARN_STRICT_PROTOTYPES = YES;
				CLANG_WARN_SUSPICIOUS_MOVE = YES;
				CLANG_WARN_UNGUARDED_AVAILABILITY = YES_AGGRESSIVE;
				CLANG_WARN_UNREACHABLE_CODE = YES;
				CLANG_WARN__DUPLICATE_METHOD_MATCH = YES;
				CODE_SIGN_IDENTITY = "iPhone Developer";
				COPY_PHASE_STRIP = NO;
				DEBUG_INFORMATION_FORMAT = "dwarf-with-dsym";
				ENABLE_NS_ASSERTIONS = NO;
				ENABLE_STRICT_OBJC_MSGSEND = YES;
				GCC_C_LANGUAGE_STANDARD = gnu11;
				GCC_NO_COMMON_BLOCKS = YES;
				GCC_WARN_64_TO_32_BIT_CONVERSION = YES;
				GCC_WARN_ABOUT_RETURN_TYPE = YES_ERROR;
				GCC_WARN_UNDECLARED_SELECTOR = YES;
				GCC_WARN_UNINITIALIZED_AUTOS = YES_AGGRESSIVE;
				GCC_WARN_UNUSED_FUNCTION = YES;
				GCC_WARN_UNUSED_VARIABLE = YES;
				IPHONEOS_DEPLOYMENT_TARGET = 12.2;
				MTL_ENABLE_DEBUG_INFO = NO;
				MTL_FAST_MATH = YES;
				SDKROOT = iphoneos;
				VALIDATE_PRODUCT = YES;
			};
			name = Release;
		};
		88BB0F2623900B88007358FD /* Debug */ = {
			isa = XCBuildConfiguration;
			buildSettings = {
				CODE_SIGN_STYLE = Automatic;
				DEVELOPMENT_TEAM = HXKDD24ZQ6;
				FRAMEWORK_SEARCH_PATHS = (
					"$(inherited)",
					"$(PROJECT_DIR)/Framework",
				);
				OTHER_LDFLAGS = "-ObjC";
				PRODUCT_NAME = "$(TARGET_NAME)";
				SKIP_INSTALL = YES;
				TARGETED_DEVICE_FAMILY = "1,2";
			};
			name = Debug;
		};
		88BB0F2723900B88007358FD /* Release */ = {
			isa = XCBuildConfiguration;
			buildSettings = {
				CODE_SIGN_STYLE = Automatic;
				DEVELOPMENT_TEAM = HXKDD24ZQ6;
				FRAMEWORK_SEARCH_PATHS = (
					"$(inherited)",
					"$(PROJECT_DIR)/Framework",
				);
				OTHER_LDFLAGS = "-ObjC";
				PRODUCT_NAME = "$(TARGET_NAME)";
				SKIP_INSTALL = YES;
				TARGETED_DEVICE_FAMILY = "1,2";
			};
			name = Release;
		};
		88BB0F3023900CE7007358FD /* Debug */ = {
			isa = XCBuildConfiguration;
			buildSettings = {
				CODE_SIGN_IDENTITY = "Mac Developer";
				CODE_SIGN_STYLE = Automatic;
				COMBINE_HIDPI_IMAGES = YES;
				DEVELOPMENT_TEAM = HXKDD24ZQ6;
				INFOPLIST_FILE = MessagingUIBundle/Info.plist;
				INSTALL_PATH = "$(LOCAL_LIBRARY_DIR)/Bundles";
				MACOSX_DEPLOYMENT_TARGET = 10.14;
				PRODUCT_BUNDLE_IDENTIFIER = com.mesibo.MessagingUIBundle;
				PRODUCT_NAME = "$(TARGET_NAME)";
				SDKROOT = iphoneos;
				SKIP_INSTALL = YES;
				WRAPPER_EXTENSION = bundle;
			};
			name = Debug;
		};
		88BB0F3123900CE7007358FD /* Release */ = {
			isa = XCBuildConfiguration;
			buildSettings = {
				CODE_SIGN_IDENTITY = "Mac Developer";
				CODE_SIGN_STYLE = Automatic;
				COMBINE_HIDPI_IMAGES = YES;
				DEVELOPMENT_TEAM = HXKDD24ZQ6;
				INFOPLIST_FILE = MessagingUIBundle/Info.plist;
				INSTALL_PATH = "$(LOCAL_LIBRARY_DIR)/Bundles";
				MACOSX_DEPLOYMENT_TARGET = 10.14;
				PRODUCT_BUNDLE_IDENTIFIER = com.mesibo.MessagingUIBundle;
				PRODUCT_NAME = "$(TARGET_NAME)";
				SDKROOT = iphoneos;
				SKIP_INSTALL = YES;
				WRAPPER_EXTENSION = bundle;
			};
			name = Release;
		};
/* End XCBuildConfiguration section */

/* Begin XCConfigurationList section */
		88BB0F1723900B88007358FD /* Build configuration list for PBXProject "Messaging" */ = {
			isa = XCConfigurationList;
			buildConfigurations = (
				88BB0F2323900B88007358FD /* Debug */,
				88BB0F2423900B88007358FD /* Release */,
			);
			defaultConfigurationIsVisible = 0;
			defaultConfigurationName = Release;
		};
		88BB0F2523900B88007358FD /* Build configuration list for PBXNativeTarget "Messaging" */ = {
			isa = XCConfigurationList;
			buildConfigurations = (
				88BB0F2623900B88007358FD /* Debug */,
				88BB0F2723900B88007358FD /* Release */,
			);
			defaultConfigurationIsVisible = 0;
			defaultConfigurationName = Release;
		};
		88BB0F2F23900CE7007358FD /* Build configuration list for PBXNativeTarget "MessagingUIBundle" */ = {
			isa = XCConfigurationList;
			buildConfigurations = (
				88BB0F3023900CE7007358FD /* Debug */,
				88BB0F3123900CE7007358FD /* Release */,
			);
			defaultConfigurationIsVisible = 0;
			defaultConfigurationName = Release;
		};
/* End XCConfigurationList section */
	};
	rootObject = 88BB0F1423900B88007358FD /* Project object */;
}
